
Microsoft Visual Studio Solution File, Format Version 12.00
# Visual Studio 15
VisualStudioVersion = 15.0.28307.421
MinimumVisualStudioVersion = 10.0.40219.1
Project("{2150E333-8FDC-42A3-9474-1A3956D46DE8}") = "0_thirdparty", "0_thirdparty", "{5A0AB661-DDA0-4EDA-AEC0-0EC471DA4586}"
EndProject
Project("{8BC9CEB8-8B4A-11D0-8D11-00A0C91BC942}") = "libzlib", "thirdparty\zlib-1.2.12\libzlib.vcxproj", "{98370A1A-2305-3AE1-8D6B-0841290DE59E}"
EndProject
Project("{8BC9CEB8-8B4A-11D0-8D11-00A0C91BC942}") = "libeay32", "thirdparty\openssl-1.1.1q\libeay32.vcxproj", "{70ABE75C-FBC2-4C82-9103-B952FA5CD168}"
EndProject
Project("{8BC9CEB8-8B4A-11D0-8D11-00A0C91BC942}") = "libturbojpeg", "thirdparty\jpeg-turbo-2.1.3\libturbojpeg.vcxproj", "{991BD6D4-B0B9-33AB-B4F8-682FA5BBCB46}"
	ProjectSection(ProjectDependencies) = postProject
		{18E9B43D-E35C-3229-BA27-085EECD20BC1} = {18E9B43D-E35C-3229-BA27-085EECD20BC1}
	EndProjectSection
EndProject
Project("{8BC9CEB8-8B4A-11D0-8D11-00A0C91BC942}") = "libsimd", "thirdparty\jpeg-turbo-2.1.3\simd\libsimd.vcxproj", "{18E9B43D-E35C-3229-BA27-085EECD20BC1}"
EndProject
Project("{2150E333-8FDC-42A3-9474-1A3956D46DE8}") = "1_thirdparty_vnc", "1_thirdparty_vnc", "{1D15DA23-B45C-4E09-9DA9-559AF8008262}"
EndProject
Project("{8BC9CEB8-8B4A-11D0-8D11-00A0C91BC942}") = "libavilog", "thirdparty\ultravnc-3.3.3R3\avilog\libavilog.vcxproj", "{AA811321-7B78-45D7-B968-1C0D3879CF2C}"
EndProject
Project("{8BC9CEB8-8B4A-11D0-8D11-00A0C91BC942}") = "libcommon", "thirdparty\ultravnc-3.3.3R3\common\libcommon.vcxproj", "{42F20E16-25BB-4336-A832-3E1836DB2657}"
EndProject
Project("{8BC9CEB8-8B4A-11D0-8D11-00A0C91BC942}") = "librdr", "thirdparty\ultravnc-3.3.3R3\rdr\librdr.vcxproj", "{189A42EA-DF01-4BE6-BA8C-7E08B365D8E7}"
EndProject
Project("{8BC9CEB8-8B4A-11D0-8D11-00A0C91BC942}") = "liblzma", "thirdparty\lzma-5.2.5\liblzma.vcxproj", "{12728250-16EC-4DC6-94D7-E21DD88947F8}"
EndProject
Project("{8BC9CEB8-8B4A-11D0-8D11-00A0C91BC942}") = "librfb", "thirdparty\ultravnc-3.3.3R3\rfb\librfb.vcxproj", "{E74F4853-C3A5-4E3B-8565-D6DD6807111B}"
EndProject
Project("{8BC9CEB8-8B4A-11D0-8D11-00A0C91BC942}") = "libunzip", "thirdparty\ultravnc-3.3.3R3\zipunzip_src\unzip\libunzip.vcxproj", "{BCAF8B70-3132-4065-BD2B-B01AD3A4EE85}"
EndProject
Project("{8BC9CEB8-8B4A-11D0-8D11-00A0C91BC942}") = "libzip", "thirdparty\ultravnc-3.3.3R3\zipunzip_src\zip20\libzip.vcxproj", "{CE329312-56E5-4DEE-9AF4-E2F048447506}"
EndProject
Project("{8BC9CEB8-8B4A-11D0-8D11-00A0C91BC942}") = "libZipUnZip32", "thirdparty\ultravnc-3.3.3R3\ZipUnZip32\libZipUnZip32.vcxproj", "{73C68265-CC7D-4209-BD00-D1BE0516AD94}"
EndProject
Project("{8BC9CEB8-8B4A-11D0-8D11-00A0C91BC942}") = "libomnithread_client", "thirdparty\ultravnc-3.3.3R3\omnithread_client\libomnithread_client.vcxproj", "{147097C0-9519-4182-A3F2-5FBF83886BF8}"
EndProject
Project("{8BC9CEB8-8B4A-11D0-8D11-00A0C91BC942}") = "libomnithread_server", "thirdparty\ultravnc-3.3.3R3\omnithread_server\libomnithread_server.vcxproj", "{4C931EE1-1A40-44B3-BD4D-20E0F9A4100F}"
EndProject
Project("{2150E333-8FDC-42A3-9474-1A3956D46DE8}") = "0_lib", "0_lib", "{E7BC5227-B6EA-4C63-BA8F-9C697ECF3BA7}"
EndProject
Project("{2150E333-8FDC-42A3-9474-1A3956D46DE8}") = "1_dll", "1_dll", "{171E47B4-3278-49B3-9096-A6597E7819F5}"
EndProject
Project("{8BC9CEB8-8B4A-11D0-8D11-00A0C91BC942}") = "vnchooks", "thirdparty\ultravnc-3.3.3R3\vnchooks\vnchooks.vcxproj", "{EFC5F31C-FE0D-427B-85D3-E7AB594C4335}"
EndProject
Project("{8BC9CEB8-8B4A-11D0-8D11-00A0C91BC942}") = "SecureVNCPlugin", "thirdparty\ultravnc-3.3.3R3\SecureVNCPlugin\SecureVNCPlugin.vcxproj", "{D5CF7DC4-9F66-4A7E-B391-58FD5893E9F4}"
EndProject
Project("{2150E333-8FDC-42A3-9474-1A3956D46DE8}") = "2_exe", "2_exe", "{96104FA6-5249-4360-A708-F0076D97BD36}"
EndProject
Project("{8BC9CEB8-8B4A-11D0-8D11-00A0C91BC942}") = "setcad", "thirdparty\ultravnc-3.3.3R3\setcad\setcad.vcxproj", "{EFA69246-A3CE-49BB-80E2-38919D37AB2E}"
EndProject
Project("{8BC9CEB8-8B4A-11D0-8D11-00A0C91BC942}") = "setpasswd", "thirdparty\ultravnc-3.3.3R3\setpasswd\setpasswd.vcxproj", "{9F8F7813-7A5D-48E2-97CD-36D0E80BC904}"
EndProject
Project("{8BC9CEB8-8B4A-11D0-8D11-00A0C91BC942}") = "uvnc_settings", "thirdparty\ultravnc-3.3.3R3\uvnc_settings\uvnc_settings.vcxproj", "{5A4E0104-5CE9-4F26-8DFC-A1BA29DD25D5}"
EndProject
Project("{8BC9CEB8-8B4A-11D0-8D11-00A0C91BC942}") = "repeater", "thirdparty\ultravnc-3.3.3R3\repeater\repeater.vcxproj", "{8BF85BBC-5475-463E-AEAF-8D6971C939DC}"
EndProject
Project("{8BC9CEB8-8B4A-11D0-8D11-00A0C91BC942}") = "uvnckeyboardhelper", "thirdparty\ultravnc-3.3.3R3\uvnckeyboardhelper\uvnckeyboardhelper.vcxproj", "{2226FBDB-AFE5-4243-B273-67A6AB515899}"
EndProject
Project("{8BC9CEB8-8B4A-11D0-8D11-00A0C91BC942}") = "vnclang_viewer", "thirdparty\ultravnc-3.3.3R3\translations\viewer\english\vnclang_viewer.vcxproj", "{AC31B8FA-295C-4FB0-A5D7-66EA5E64531D}"
EndProject
Project("{8BC9CEB8-8B4A-11D0-8D11-00A0C91BC942}") = "vnclang_server", "thirdparty\ultravnc-3.3.3R3\translations\server\english\vnclang_server.vcxproj", "{3B18B2AC-43F3-4632-BB0D-BA59453EDFD3}"
EndProject
Project("{8BC9CEB8-8B4A-11D0-8D11-00A0C91BC942}") = "vncviewer", "thirdparty\ultravnc-3.3.3R3\vncviewer\vncviewer.vcxproj", "{357D07B6-0613-4B05-9D22-1764A49AC945}"
	ProjectSection(ProjectDependencies) = postProject
		{CE329312-56E5-4DEE-9AF4-E2F048447506} = {CE329312-56E5-4DEE-9AF4-E2F048447506}
		{42F20E16-25BB-4336-A832-3E1836DB2657} = {42F20E16-25BB-4336-A832-3E1836DB2657}
		{98370A1A-2305-3AE1-8D6B-0841290DE59E} = {98370A1A-2305-3AE1-8D6B-0841290DE59E}
		{92478F30-D5AB-4378-BBE8-D5659D13F35B} = {92478F30-D5AB-4378-BBE8-D5659D13F35B}
		{E74F4853-C3A5-4E3B-8565-D6DD6807111B} = {E74F4853-C3A5-4E3B-8565-D6DD6807111B}
		{73C68265-CC7D-4209-BD00-D1BE0516AD94} = {73C68265-CC7D-4209-BD00-D1BE0516AD94}
		{BCAF8B70-3132-4065-BD2B-B01AD3A4EE85} = {BCAF8B70-3132-4065-BD2B-B01AD3A4EE85}
		{147097C0-9519-4182-A3F2-5FBF83886BF8} = {147097C0-9519-4182-A3F2-5FBF83886BF8}
		{991BD6D4-B0B9-33AB-B4F8-682FA5BBCB46} = {991BD6D4-B0B9-33AB-B4F8-682FA5BBCB46}
		{189A42EA-DF01-4BE6-BA8C-7E08B365D8E7} = {189A42EA-DF01-4BE6-BA8C-7E08B365D8E7}
	EndProjectSection
EndProject
Project("{8BC9CEB8-8B4A-11D0-8D11-00A0C91BC942}") = "libminilzo", "thirdparty\minilzo-2.10\libminilzo.vcxproj", "{92478F30-D5AB-4378-BBE8-D5659D13F35B}"
EndProject
Project("{8BC9CEB8-8B4A-11D0-8D11-00A0C91BC942}") = "winvnc", "thirdparty\ultravnc-3.3.3R3\winvnc\winvnc.vcxproj", "{154DC057-45AB-4E84-A661-589F9163062C}"
	ProjectSection(ProjectDependencies) = postProject
		{CE329312-56E5-4DEE-9AF4-E2F048447506} = {CE329312-56E5-4DEE-9AF4-E2F048447506}
		{42F20E16-25BB-4336-A832-3E1836DB2657} = {42F20E16-25BB-4336-A832-3E1836DB2657}
		{98370A1A-2305-3AE1-8D6B-0841290DE59E} = {98370A1A-2305-3AE1-8D6B-0841290DE59E}
		{EFC5F31C-FE0D-427B-85D3-E7AB594C4335} = {EFC5F31C-FE0D-427B-85D3-E7AB594C4335}
		{AA811321-7B78-45D7-B968-1C0D3879CF2C} = {AA811321-7B78-45D7-B968-1C0D3879CF2C}
		{92478F30-D5AB-4378-BBE8-D5659D13F35B} = {92478F30-D5AB-4378-BBE8-D5659D13F35B}
		{E74F4853-C3A5-4E3B-8565-D6DD6807111B} = {E74F4853-C3A5-4E3B-8565-D6DD6807111B}
		{73C68265-CC7D-4209-BD00-D1BE0516AD94} = {73C68265-CC7D-4209-BD00-D1BE0516AD94}
		{BCAF8B70-3132-4065-BD2B-B01AD3A4EE85} = {BCAF8B70-3132-4065-BD2B-B01AD3A4EE85}
		{991BD6D4-B0B9-33AB-B4F8-682FA5BBCB46} = {991BD6D4-B0B9-33AB-B4F8-682FA5BBCB46}
		{4C931EE1-1A40-44B3-BD4D-20E0F9A4100F} = {4C931EE1-1A40-44B3-BD4D-20E0F9A4100F}
		{189A42EA-DF01-4BE6-BA8C-7E08B365D8E7} = {189A42EA-DF01-4BE6-BA8C-7E08B365D8E7}
	EndProjectSection
EndProject
Project("{8BC9CEB8-8B4A-11D0-8D11-00A0C91BC942}") = "libDSMPlugin", "thirdparty\ultravnc-3.3.3R3\DSMPlugin\libDSMPlugin.vcxproj", "{CEE28A33-0B3C-4C2F-9B4A-4244476A30EC}"
EndProject
Project("{8BC9CEB8-8B4A-11D0-8D11-00A0C91BC942}") = "MSRC4Plugin", "thirdparty\ultravnc-3.3.3R3\MSRC4Plugin\MSRC4Plugin.vcxproj", "{AC21E391-9CAE-4D62-ABEC-89530043DCC3}"
EndProject
Project("{8BC9CEB8-8B4A-11D0-8D11-00A0C91BC942}") = "TestPlugin", "thirdparty\ultravnc-3.3.3R3\TestPlugin\TestPlugin.vcxproj", "{A2D60F3E-DBAA-4AD6-8A14-A4BA4E63F7C9}"
EndProject
Project("{2150E333-8FDC-42A3-9474-1A3956D46DE8}") = "ms-logon", "ms-logon", "{7DC7AEF4-8D08-4BA0-9799-AAE5ED3B0E8B}"
EndProject
Project("{8BC9CEB8-8B4A-11D0-8D11-00A0C91BC942}") = "authadmin", "thirdparty\ultravnc-3.3.3R3\ms-logon\authadm\authadmin.vcxproj", "{334467FD-E35E-4C3D-9410-69B2171C2BB2}"
EndProject
Project("{8BC9CEB8-8B4A-11D0-8D11-00A0C91BC942}") = "authSSP", "thirdparty\ultravnc-3.3.3R3\ms-logon\authSSP\authSSP.vcxproj", "{2F5FBC3F-4CCD-4C26-9719-C9166D8B0C7D}"
EndProject
Project("{8BC9CEB8-8B4A-11D0-8D11-00A0C91BC942}") = "ldapauth", "thirdparty\ultravnc-3.3.3R3\ms-logon\ldapauth\ldapauth.vcxproj", "{BC78A3C8-2280-42AB-BB6F-14FB674E2A0C}"
EndProject
Project("{8BC9CEB8-8B4A-11D0-8D11-00A0C91BC942}") = "ldapauth9x", "thirdparty\ultravnc-3.3.3R3\ms-logon\ldapauth9x\ldapauth9x.vcxproj", "{CAA83204-EBF8-4369-B152-011EA957784C}"
EndProject
Project("{8BC9CEB8-8B4A-11D0-8D11-00A0C91BC942}") = "ldapauthnt4", "thirdparty\ultravnc-3.3.3R3\ms-logon\ldapauthNT4\ldapauthnt4.vcxproj", "{31AC9E7D-64B7-4301-ADE2-5EFF15AA6BDE}"
EndProject
Project("{8BC9CEB8-8B4A-11D0-8D11-00A0C91BC942}") = "logging", "thirdparty\ultravnc-3.3.3R3\ms-logon\logging\logging.vcxproj", "{D50AEB07-5F5E-4401-9B50-C1660E693833}"
EndProject
Project("{8BC9CEB8-8B4A-11D0-8D11-00A0C91BC942}") = "MSLogonACL", "thirdparty\ultravnc-3.3.3R3\ms-logon\MSLogonACL\MSLogonACL.vcxproj", "{F4E39BD7-C841-4F21-B40C-293D7E017EA1}"
EndProject
Project("{8BC9CEB8-8B4A-11D0-8D11-00A0C91BC942}") = "testauth", "thirdparty\ultravnc-3.3.3R3\ms-logon\testauth\testauth.vcxproj", "{C05BE60B-FBDF-430F-B041-5089262E8FB5}"
EndProject
Project("{8BC9CEB8-8B4A-11D0-8D11-00A0C91BC942}") = "workgrpdomnt4", "thirdparty\ultravnc-3.3.3R3\ms-logon\workgrpdomnt4\workgrpdomnt4.vcxproj", "{8D7757CB-5125-4633-AFB1-4B30ED24955F}"
EndProject
Project("{2150E333-8FDC-42A3-9474-1A3956D46DE8}") = "1_dll", "1_dll", "{746D8D2A-E5CB-4A2D-B54E-7BE44A9BCAD9}"
EndProject
Project("{2150E333-8FDC-42A3-9474-1A3956D46DE8}") = "2_exe", "2_exe", "{F902D946-78B2-4206-B5BE-5F3126A23571}"
EndProject
Project("{2150E333-8FDC-42A3-9474-1A3956D46DE8}") = "0_thirdparty_base", "0_thirdparty_base", "{7732FC73-6FD4-4767-88AB-6BEEE26B9C61}"
EndProject
Project("{2150E333-8FDC-42A3-9474-1A3956D46DE8}") = "0_lib", "0_lib", "{B9B07C72-CE75-413C-AFD1-5A4875927AA0}"
EndProject
Project("{8BC9CEB8-8B4A-11D0-8D11-00A0C91BC942}") = "libssleay32", "thirdparty\openssl-1.1.1q\libssleay32.vcxproj", "{24265BD3-3CF3-41A9-B137-53DBEC0F53BF}"
EndProject
Global
	GlobalSection(SolutionConfigurationPlatforms) = preSolution
		Debug|x64 = Debug|x64
		Release|x64 = Release|x64
	EndGlobalSection
	GlobalSection(ProjectConfigurationPlatforms) = postSolution
		{98370A1A-2305-3AE1-8D6B-0841290DE59E}.Debug|x64.ActiveCfg = Debug|x64
		{98370A1A-2305-3AE1-8D6B-0841290DE59E}.Debug|x64.Build.0 = Debug|x64
		{98370A1A-2305-3AE1-8D6B-0841290DE59E}.Release|x64.ActiveCfg = Release|x64
		{98370A1A-2305-3AE1-8D6B-0841290DE59E}.Release|x64.Build.0 = Release|x64
		{70ABE75C-FBC2-4C82-9103-B952FA5CD168}.Debug|x64.ActiveCfg = Debug|x64
		{70ABE75C-FBC2-4C82-9103-B952FA5CD168}.Debug|x64.Build.0 = Debug|x64
		{70ABE75C-FBC2-4C82-9103-B952FA5CD168}.Release|x64.ActiveCfg = Release|x64
		{70ABE75C-FBC2-4C82-9103-B952FA5CD168}.Release|x64.Build.0 = Release|x64
		{991BD6D4-B0B9-33AB-B4F8-682FA5BBCB46}.Debug|x64.ActiveCfg = Debug|x64
		{991BD6D4-B0B9-33AB-B4F8-682FA5BBCB46}.Debug|x64.Build.0 = Debug|x64
		{991BD6D4-B0B9-33AB-B4F8-682FA5BBCB46}.Release|x64.ActiveCfg = Release|x64
		{991BD6D4-B0B9-33AB-B4F8-682FA5BBCB46}.Release|x64.Build.0 = Release|x64
		{18E9B43D-E35C-3229-BA27-085EECD20BC1}.Debug|x64.ActiveCfg = Debug|x64
		{18E9B43D-E35C-3229-BA27-085EECD20BC1}.Debug|x64.Build.0 = Debug|x64
		{18E9B43D-E35C-3229-BA27-085EECD20BC1}.Release|x64.ActiveCfg = Release|x64
		{18E9B43D-E35C-3229-BA27-085EECD20BC1}.Release|x64.Build.0 = Release|x64
		{AA811321-7B78-45D7-B968-1C0D3879CF2C}.Debug|x64.ActiveCfg = Debug|x64
		{AA811321-7B78-45D7-B968-1C0D3879CF2C}.Debug|x64.Build.0 = Debug|x64
		{AA811321-7B78-45D7-B968-1C0D3879CF2C}.Release|x64.ActiveCfg = Release|x64
		{AA811321-7B78-45D7-B968-1C0D3879CF2C}.Release|x64.Build.0 = Release|x64
		{42F20E16-25BB-4336-A832-3E1836DB2657}.Debug|x64.ActiveCfg = Debug|x64
		{42F20E16-25BB-4336-A832-3E1836DB2657}.Debug|x64.Build.0 = Debug|x64
		{42F20E16-25BB-4336-A832-3E1836DB2657}.Release|x64.ActiveCfg = Release|x64
		{42F20E16-25BB-4336-A832-3E1836DB2657}.Release|x64.Build.0 = Release|x64
		{189A42EA-DF01-4BE6-BA8C-7E08B365D8E7}.Debug|x64.ActiveCfg = Debug|x64
		{189A42EA-DF01-4BE6-BA8C-7E08B365D8E7}.Debug|x64.Build.0 = Debug|x64
		{189A42EA-DF01-4BE6-BA8C-7E08B365D8E7}.Release|x64.ActiveCfg = Release|x64
		{189A42EA-DF01-4BE6-BA8C-7E08B365D8E7}.Release|x64.Build.0 = Release|x64
		{12728250-16EC-4DC6-94D7-E21DD88947F8}.Debug|x64.ActiveCfg = Debug|x64
		{12728250-16EC-4DC6-94D7-E21DD88947F8}.Debug|x64.Build.0 = Debug|x64
		{12728250-16EC-4DC6-94D7-E21DD88947F8}.Release|x64.ActiveCfg = Release|x64
		{12728250-16EC-4DC6-94D7-E21DD88947F8}.Release|x64.Build.0 = Release|x64
		{E74F4853-C3A5-4E3B-8565-D6DD6807111B}.Debug|x64.ActiveCfg = Debug|x64
		{E74F4853-C3A5-4E3B-8565-D6DD6807111B}.Debug|x64.Build.0 = Debug|x64
		{E74F4853-C3A5-4E3B-8565-D6DD6807111B}.Release|x64.ActiveCfg = Release|x64
		{E74F4853-C3A5-4E3B-8565-D6DD6807111B}.Release|x64.Build.0 = Release|x64
		{BCAF8B70-3132-4065-BD2B-B01AD3A4EE85}.Debug|x64.ActiveCfg = Debug|x64
		{BCAF8B70-3132-4065-BD2B-B01AD3A4EE85}.Debug|x64.Build.0 = Debug|x64
		{BCAF8B70-3132-4065-BD2B-B01AD3A4EE85}.Release|x64.ActiveCfg = Release|x64
		{BCAF8B70-3132-4065-BD2B-B01AD3A4EE85}.Release|x64.Build.0 = Release|x64
		{CE329312-56E5-4DEE-9AF4-E2F048447506}.Debug|x64.ActiveCfg = Debug|x64
		{CE329312-56E5-4DEE-9AF4-E2F048447506}.Debug|x64.Build.0 = Debug|x64
		{CE329312-56E5-4DEE-9AF4-E2F048447506}.Release|x64.ActiveCfg = Release|x64
		{CE329312-56E5-4DEE-9AF4-E2F048447506}.Release|x64.Build.0 = Release|x64
		{73C68265-CC7D-4209-BD00-D1BE0516AD94}.Debug|x64.ActiveCfg = Debug|x64
		{73C68265-CC7D-4209-BD00-D1BE0516AD94}.Debug|x64.Build.0 = Debug|x64
		{73C68265-CC7D-4209-BD00-D1BE0516AD94}.Release|x64.ActiveCfg = Release|x64
		{73C68265-CC7D-4209-BD00-D1BE0516AD94}.Release|x64.Build.0 = Release|x64
		{147097C0-9519-4182-A3F2-5FBF83886BF8}.Debug|x64.ActiveCfg = Debug|x64
		{147097C0-9519-4182-A3F2-5FBF83886BF8}.Debug|x64.Build.0 = Debug|x64
		{147097C0-9519-4182-A3F2-5FBF83886BF8}.Release|x64.ActiveCfg = Release|x64
		{147097C0-9519-4182-A3F2-5FBF83886BF8}.Release|x64.Build.0 = Release|x64
		{4C931EE1-1A40-44B3-BD4D-20E0F9A4100F}.Debug|x64.ActiveCfg = Debug|x64
		{4C931EE1-1A40-44B3-BD4D-20E0F9A4100F}.Debug|x64.Build.0 = Debug|x64
		{4C931EE1-1A40-44B3-BD4D-20E0F9A4100F}.Release|x64.ActiveCfg = Release|x64
		{4C931EE1-1A40-44B3-BD4D-20E0F9A4100F}.Release|x64.Build.0 = Release|x64
		{EFC5F31C-FE0D-427B-85D3-E7AB594C4335}.Debug|x64.ActiveCfg = Debug|x64
		{EFC5F31C-FE0D-427B-85D3-E7AB594C4335}.Debug|x64.Build.0 = Debug|x64
		{EFC5F31C-FE0D-427B-85D3-E7AB594C4335}.Release|x64.ActiveCfg = Release|x64
		{EFC5F31C-FE0D-427B-85D3-E7AB594C4335}.Release|x64.Build.0 = Release|x64
		{D5CF7DC4-9F66-4A7E-B391-58FD5893E9F4}.Debug|x64.ActiveCfg = Debug|x64
		{D5CF7DC4-9F66-4A7E-B391-58FD5893E9F4}.Debug|x64.Build.0 = Debug|x64
		{D5CF7DC4-9F66-4A7E-B391-58FD5893E9F4}.Release|x64.ActiveCfg = Release|x64
		{D5CF7DC4-9F66-4A7E-B391-58FD5893E9F4}.Release|x64.Build.0 = Release|x64
		{EFA69246-A3CE-49BB-80E2-38919D37AB2E}.Debug|x64.ActiveCfg = Debug|x64
		{EFA69246-A3CE-49BB-80E2-38919D37AB2E}.Debug|x64.Build.0 = Debug|x64
		{EFA69246-A3CE-49BB-80E2-38919D37AB2E}.Release|x64.ActiveCfg = Release|x64
		{EFA69246-A3CE-49BB-80E2-38919D37AB2E}.Release|x64.Build.0 = Release|x64
		{9F8F7813-7A5D-48E2-97CD-36D0E80BC904}.Debug|x64.ActiveCfg = Debug|x64
		{9F8F7813-7A5D-48E2-97CD-36D0E80BC904}.Debug|x64.Build.0 = Debug|x64
		{9F8F7813-7A5D-48E2-97CD-36D0E80BC904}.Release|x64.ActiveCfg = Release|x64
		{9F8F7813-7A5D-48E2-97CD-36D0E80BC904}.Release|x64.Build.0 = Release|x64
		{5A4E0104-5CE9-4F26-8DFC-A1BA29DD25D5}.Debug|x64.ActiveCfg = Debug|x64
		{5A4E0104-5CE9-4F26-8DFC-A1BA29DD25D5}.Debug|x64.Build.0 = Debug|x64
		{5A4E0104-5CE9-4F26-8DFC-A1BA29DD25D5}.Release|x64.ActiveCfg = Release|x64
		{5A4E0104-5CE9-4F26-8DFC-A1BA29DD25D5}.Release|x64.Build.0 = Release|x64
		{8BF85BBC-5475-463E-AEAF-8D6971C939DC}.Debug|x64.ActiveCfg = Debug|x64
		{8BF85BBC-5475-463E-AEAF-8D6971C939DC}.Debug|x64.Build.0 = Debug|x64
		{8BF85BBC-5475-463E-AEAF-8D6971C939DC}.Release|x64.ActiveCfg = Release|x64
		{8BF85BBC-5475-463E-AEAF-8D6971C939DC}.Release|x64.Build.0 = Release|x64
		{2226FBDB-AFE5-4243-B273-67A6AB515899}.Debug|x64.ActiveCfg = Debug|x64
		{2226FBDB-AFE5-4243-B273-67A6AB515899}.Debug|x64.Build.0 = Debug|x64
		{2226FBDB-AFE5-4243-B273-67A6AB515899}.Release|x64.ActiveCfg = Release|x64
		{2226FBDB-AFE5-4243-B273-67A6AB515899}.Release|x64.Build.0 = Release|x64
		{AC31B8FA-295C-4FB0-A5D7-66EA5E64531D}.Debug|x64.ActiveCfg = Debug|x64
		{AC31B8FA-295C-4FB0-A5D7-66EA5E64531D}.Debug|x64.Build.0 = Debug|x64
		{AC31B8FA-295C-4FB0-A5D7-66EA5E64531D}.Release|x64.ActiveCfg = Release|x64
		{AC31B8FA-295C-4FB0-A5D7-66EA5E64531D}.Release|x64.Build.0 = Release|x64
		{3B18B2AC-43F3-4632-BB0D-BA59453EDFD3}.Debug|x64.ActiveCfg = Debug|x64
		{3B18B2AC-43F3-4632-BB0D-BA59453EDFD3}.Debug|x64.Build.0 = Debug|x64
		{3B18B2AC-43F3-4632-BB0D-BA59453EDFD3}.Release|x64.ActiveCfg = Release|x64
		{3B18B2AC-43F3-4632-BB0D-BA59453EDFD3}.Release|x64.Build.0 = Release|x64
		{357D07B6-0613-4B05-9D22-1764A49AC945}.Debug|x64.ActiveCfg = Debug|x64
		{357D07B6-0613-4B05-9D22-1764A49AC945}.Debug|x64.Build.0 = Debug|x64
		{357D07B6-0613-4B05-9D22-1764A49AC945}.Release|x64.ActiveCfg = Release|x64
		{357D07B6-0613-4B05-9D22-1764A49AC945}.Release|x64.Build.0 = Release|x64
		{92478F30-D5AB-4378-BBE8-D5659D13F35B}.Debug|x64.ActiveCfg = Debug|x64
		{92478F30-D5AB-4378-BBE8-D5659D13F35B}.Debug|x64.Build.0 = Debug|x64
		{92478F30-D5AB-4378-BBE8-D5659D13F35B}.Release|x64.ActiveCfg = Release|x64
		{92478F30-D5AB-4378-BBE8-D5659D13F35B}.Release|x64.Build.0 = Release|x64
		{154DC057-45AB-4E84-A661-589F9163062C}.Debug|x64.ActiveCfg = Debug|x64
		{154DC057-45AB-4E84-A661-589F9163062C}.Debug|x64.Build.0 = Debug|x64
		{154DC057-45AB-4E84-A661-589F9163062C}.Release|x64.ActiveCfg = Release|x64
		{154DC057-45AB-4E84-A661-589F9163062C}.Release|x64.Build.0 = Release|x64
		{CEE28A33-0B3C-4C2F-9B4A-4244476A30EC}.Debug|x64.ActiveCfg = Debug|x64
		{CEE28A33-0B3C-4C2F-9B4A-4244476A30EC}.Debug|x64.Build.0 = Debug|x64
		{CEE28A33-0B3C-4C2F-9B4A-4244476A30EC}.Release|x64.ActiveCfg = Release|x64
		{CEE28A33-0B3C-4C2F-9B4A-4244476A30EC}.Release|x64.Build.0 = Release|x64
		{AC21E391-9CAE-4D62-ABEC-89530043DCC3}.Debug|x64.ActiveCfg = Debug|x64
		{AC21E391-9CAE-4D62-ABEC-89530043DCC3}.Debug|x64.Build.0 = Debug|x64
		{AC21E391-9CAE-4D62-ABEC-89530043DCC3}.Release|x64.ActiveCfg = Release|x64
		{AC21E391-9CAE-4D62-ABEC-89530043DCC3}.Release|x64.Build.0 = Release|x64
		{A2D60F3E-DBAA-4AD6-8A14-A4BA4E63F7C9}.Debug|x64.ActiveCfg = Debug|x64
		{A2D60F3E-DBAA-4AD6-8A14-A4BA4E63F7C9}.Debug|x64.Build.0 = Debug|x64
		{A2D60F3E-DBAA-4AD6-8A14-A4BA4E63F7C9}.Release|x64.ActiveCfg = Release|x64
		{A2D60F3E-DBAA-4AD6-8A14-A4BA4E63F7C9}.Release|x64.Build.0 = Release|x64
		{334467FD-E35E-4C3D-9410-69B2171C2BB2}.Debug|x64.ActiveCfg = Debug|x64
		{334467FD-E35E-4C3D-9410-69B2171C2BB2}.Debug|x64.Build.0 = Debug|x64
		{334467FD-E35E-4C3D-9410-69B2171C2BB2}.Release|x64.ActiveCfg = Release|x64
		{334467FD-E35E-4C3D-9410-69B2171C2BB2}.Release|x64.Build.0 = Release|x64
		{2F5FBC3F-4CCD-4C26-9719-C9166D8B0C7D}.Debug|x64.ActiveCfg = Debug|x64
		{2F5FBC3F-4CCD-4C26-9719-C9166D8B0C7D}.Debug|x64.Build.0 = Debug|x64
		{2F5FBC3F-4CCD-4C26-9719-C9166D8B0C7D}.Release|x64.ActiveCfg = Release|x64
		{2F5FBC3F-4CCD-4C26-9719-C9166D8B0C7D}.Release|x64.Build.0 = Release|x64
		{BC78A3C8-2280-42AB-BB6F-14FB674E2A0C}.Debug|x64.ActiveCfg = Debug|x64
		{BC78A3C8-2280-42AB-BB6F-14FB674E2A0C}.Debug|x64.Build.0 = Debug|x64
		{BC78A3C8-2280-42AB-BB6F-14FB674E2A0C}.Release|x64.ActiveCfg = Release|x64
		{BC78A3C8-2280-42AB-BB6F-14FB674E2A0C}.Release|x64.Build.0 = Release|x64
		{CAA83204-EBF8-4369-B152-011EA957784C}.Debug|x64.ActiveCfg = Debug|x64
		{CAA83204-EBF8-4369-B152-011EA957784C}.Debug|x64.Build.0 = Debug|x64
		{CAA83204-EBF8-4369-B152-011EA957784C}.Release|x64.ActiveCfg = Release|x64
		{CAA83204-EBF8-4369-B152-011EA957784C}.Release|x64.Build.0 = Release|x64
		{31AC9E7D-64B7-4301-ADE2-5EFF15AA6BDE}.Debug|x64.ActiveCfg = Debug|x64
		{31AC9E7D-64B7-4301-ADE2-5EFF15AA6BDE}.Debug|x64.Build.0 = Debug|x64
		{31AC9E7D-64B7-4301-ADE2-5EFF15AA6BDE}.Release|x64.ActiveCfg = Release|x64
		{31AC9E7D-64B7-4301-ADE2-5EFF15AA6BDE}.Release|x64.Build.0 = Release|x64
		{D50AEB07-5F5E-4401-9B50-C1660E693833}.Debug|x64.ActiveCfg = Debug|x64
		{D50AEB07-5F5E-4401-9B50-C1660E693833}.Debug|x64.Build.0 = Debug|x64
		{D50AEB07-5F5E-4401-9B50-C1660E693833}.Release|x64.ActiveCfg = Release|x64
		{D50AEB07-5F5E-4401-9B50-C1660E693833}.Release|x64.Build.0 = Release|x64
		{F4E39BD7-C841-4F21-B40C-293D7E017EA1}.Debug|x64.ActiveCfg = Debug|x64
		{F4E39BD7-C841-4F21-B40C-293D7E017EA1}.Debug|x64.Build.0 = Debug|x64
		{F4E39BD7-C841-4F21-B40C-293D7E017EA1}.Release|x64.ActiveCfg = Release|x64
		{F4E39BD7-C841-4F21-B40C-293D7E017EA1}.Release|x64.Build.0 = Release|x64
		{C05BE60B-FBDF-430F-B041-5089262E8FB5}.Debug|x64.ActiveCfg = Debug|x64
		{C05BE60B-FBDF-430F-B041-5089262E8FB5}.Debug|x64.Build.0 = Debug|x64
		{C05BE60B-FBDF-430F-B041-5089262E8FB5}.Release|x64.ActiveCfg = Release|x64
		{C05BE60B-FBDF-430F-B041-5089262E8FB5}.Release|x64.Build.0 = Release|x64
		{8D7757CB-5125-4633-AFB1-4B30ED24955F}.Debug|x64.ActiveCfg = Debug|x64
		{8D7757CB-5125-4633-AFB1-4B30ED24955F}.Debug|x64.Build.0 = Debug|x64
		{8D7757CB-5125-4633-AFB1-4B30ED24955F}.Release|x64.ActiveCfg = Release|x64
		{8D7757CB-5125-4633-AFB1-4B30ED24955F}.Release|x64.Build.0 = Release|x64
		{24265BD3-3CF3-41A9-B137-53DBEC0F53BF}.Debug|x64.ActiveCfg = Debug|x64
		{24265BD3-3CF3-41A9-B137-53DBEC0F53BF}.Debug|x64.Build.0 = Debug|x64
		{24265BD3-3CF3-41A9-B137-53DBEC0F53BF}.Release|x64.ActiveCfg = Release|x64
		{24265BD3-3CF3-41A9-B137-53DBEC0F53BF}.Release|x64.Build.0 = Release|x64
	EndGlobalSection
	GlobalSection(SolutionProperties) = preSolution
		HideSolutionNode = FALSE
	EndGlobalSection
	GlobalSection(NestedProjects) = preSolution
		{98370A1A-2305-3AE1-8D6B-0841290DE59E} = {B9B07C72-CE75-413C-AFD1-5A4875927AA0}
		{70ABE75C-FBC2-4C82-9103-B952FA5CD168} = {B9B07C72-CE75-413C-AFD1-5A4875927AA0}
		{991BD6D4-B0B9-33AB-B4F8-682FA5BBCB46} = {B9B07C72-CE75-413C-AFD1-5A4875927AA0}
		{18E9B43D-E35C-3229-BA27-085EECD20BC1} = {B9B07C72-CE75-413C-AFD1-5A4875927AA0}
		{1D15DA23-B45C-4E09-9DA9-559AF8008262} = {5A0AB661-DDA0-4EDA-AEC0-0EC471DA4586}
		{AA811321-7B78-45D7-B968-1C0D3879CF2C} = {E7BC5227-B6EA-4C63-BA8F-9C697ECF3BA7}
		{42F20E16-25BB-4336-A832-3E1836DB2657} = {E7BC5227-B6EA-4C63-BA8F-9C697ECF3BA7}
		{189A42EA-DF01-4BE6-BA8C-7E08B365D8E7} = {E7BC5227-B6EA-4C63-BA8F-9C697ECF3BA7}
		{12728250-16EC-4DC6-94D7-E21DD88947F8} = {B9B07C72-CE75-413C-AFD1-5A4875927AA0}
		{E74F4853-C3A5-4E3B-8565-D6DD6807111B} = {E7BC5227-B6EA-4C63-BA8F-9C697ECF3BA7}
		{BCAF8B70-3132-4065-BD2B-B01AD3A4EE85} = {E7BC5227-B6EA-4C63-BA8F-9C697ECF3BA7}
		{CE329312-56E5-4DEE-9AF4-E2F048447506} = {E7BC5227-B6EA-4C63-BA8F-9C697ECF3BA7}
		{73C68265-CC7D-4209-BD00-D1BE0516AD94} = {E7BC5227-B6EA-4C63-BA8F-9C697ECF3BA7}
		{147097C0-9519-4182-A3F2-5FBF83886BF8} = {E7BC5227-B6EA-4C63-BA8F-9C697ECF3BA7}
		{4C931EE1-1A40-44B3-BD4D-20E0F9A4100F} = {E7BC5227-B6EA-4C63-BA8F-9C697ECF3BA7}
		{E7BC5227-B6EA-4C63-BA8F-9C697ECF3BA7} = {1D15DA23-B45C-4E09-9DA9-559AF8008262}
		{171E47B4-3278-49B3-9096-A6597E7819F5} = {1D15DA23-B45C-4E09-9DA9-559AF8008262}
		{EFC5F31C-FE0D-427B-85D3-E7AB594C4335} = {171E47B4-3278-49B3-9096-A6597E7819F5}
		{D5CF7DC4-9F66-4A7E-B391-58FD5893E9F4} = {171E47B4-3278-49B3-9096-A6597E7819F5}
		{96104FA6-5249-4360-A708-F0076D97BD36} = {1D15DA23-B45C-4E09-9DA9-559AF8008262}
		{EFA69246-A3CE-49BB-80E2-38919D37AB2E} = {96104FA6-5249-4360-A708-F0076D97BD36}
		{9F8F7813-7A5D-48E2-97CD-36D0E80BC904} = {96104FA6-5249-4360-A708-F0076D97BD36}
		{5A4E0104-5CE9-4F26-8DFC-A1BA29DD25D5} = {96104FA6-5249-4360-A708-F0076D97BD36}
		{8BF85BBC-5475-463E-AEAF-8D6971C939DC} = {96104FA6-5249-4360-A708-F0076D97BD36}
		{2226FBDB-AFE5-4243-B273-67A6AB515899} = {96104FA6-5249-4360-A708-F0076D97BD36}
		{AC31B8FA-295C-4FB0-A5D7-66EA5E64531D} = {96104FA6-5249-4360-A708-F0076D97BD36}
		{3B18B2AC-43F3-4632-BB0D-BA59453EDFD3} = {96104FA6-5249-4360-A708-F0076D97BD36}
		{357D07B6-0613-4B05-9D22-1764A49AC945} = {96104FA6-5249-4360-A708-F0076D97BD36}
		{92478F30-D5AB-4378-BBE8-D5659D13F35B} = {B9B07C72-CE75-413C-AFD1-5A4875927AA0}
		{154DC057-45AB-4E84-A661-589F9163062C} = {96104FA6-5249-4360-A708-F0076D97BD36}
		{CEE28A33-0B3C-4C2F-9B4A-4244476A30EC} = {E7BC5227-B6EA-4C63-BA8F-9C697ECF3BA7}
		{AC21E391-9CAE-4D62-ABEC-89530043DCC3} = {171E47B4-3278-49B3-9096-A6597E7819F5}
		{A2D60F3E-DBAA-4AD6-8A14-A4BA4E63F7C9} = {171E47B4-3278-49B3-9096-A6597E7819F5}
		{7DC7AEF4-8D08-4BA0-9799-AAE5ED3B0E8B} = {96104FA6-5249-4360-A708-F0076D97BD36}
		{334467FD-E35E-4C3D-9410-69B2171C2BB2} = {746D8D2A-E5CB-4A2D-B54E-7BE44A9BCAD9}
		{2F5FBC3F-4CCD-4C26-9719-C9166D8B0C7D} = {746D8D2A-E5CB-4A2D-B54E-7BE44A9BCAD9}
		{BC78A3C8-2280-42AB-BB6F-14FB674E2A0C} = {746D8D2A-E5CB-4A2D-B54E-7BE44A9BCAD9}
		{CAA83204-EBF8-4369-B152-011EA957784C} = {746D8D2A-E5CB-4A2D-B54E-7BE44A9BCAD9}
		{31AC9E7D-64B7-4301-ADE2-5EFF15AA6BDE} = {746D8D2A-E5CB-4A2D-B54E-7BE44A9BCAD9}
		{D50AEB07-5F5E-4401-9B50-C1660E693833} = {746D8D2A-E5CB-4A2D-B54E-7BE44A9BCAD9}
		{F4E39BD7-C841-4F21-B40C-293D7E017EA1} = {F902D946-78B2-4206-B5BE-5F3126A23571}
		{C05BE60B-FBDF-430F-B041-5089262E8FB5} = {F902D946-78B2-4206-B5BE-5F3126A23571}
		{8D7757CB-5125-4633-AFB1-4B30ED24955F} = {746D8D2A-E5CB-4A2D-B54E-7BE44A9BCAD9}
		{746D8D2A-E5CB-4A2D-B54E-7BE44A9BCAD9} = {7DC7AEF4-8D08-4BA0-9799-AAE5ED3B0E8B}
		{F902D946-78B2-4206-B5BE-5F3126A23571} = {7DC7AEF4-8D08-4BA0-9799-AAE5ED3B0E8B}
		{7732FC73-6FD4-4767-88AB-6BEEE26B9C61} = {5A0AB661-DDA0-4EDA-AEC0-0EC471DA4586}
		{B9B07C72-CE75-413C-AFD1-5A4875927AA0} = {7732FC73-6FD4-4767-88AB-6BEEE26B9C61}
		{24265BD3-3CF3-41A9-B137-53DBEC0F53BF} = {B9B07C72-CE75-413C-AFD1-5A4875927AA0}
	EndGlobalSection
	GlobalSection(ExtensibilityGlobals) = postSolution
		SolutionGuid = {8C7B5E96-CA7C-4753-BC1E-34393F95C9CF}
	EndGlobalSection
EndGlobal
